<?xml version="1.0" encoding="utf-8"?>
<Project ToolsVersion="4.0" xmlns="http://schemas.microsoft.com/developer/msbuild/2003">
  <ItemGroup>
    <Filter Include="src">
      <UniqueIdentifier>{e5cf8b51-23f7-4cf9-a8cb-a64aee05b226}</UniqueIdentifier>
    </Filter>
    <Filter Include="common">
      <UniqueIdentifier>{1622e5d5-a92d-431a-8227-7568c481a5ea}</UniqueIdentifier>
    </Filter>
    <Filter Include="3rd_party">
      <UniqueIdentifier>{9f458d78-c494-440a-9c25-594387eb4da8}</UniqueIdentifier>
    </Filter>
    <Filter Include="3rd_party\inireader">
      <UniqueIdentifier>{97fdce21-030d-4511-b1eb-6ffac90ebda9}</UniqueIdentifier>
    </Filter>
    <Filter Include="documentation">
      <UniqueIdentifier>{dbb6579b-0c44-48e9-9659-1ca95983d404}</UniqueIdentifier>
    </Filter>
    <Filter Include="cron parser">
      <UniqueIdentifier>{6b2192ea-3596-4bad-ae83-1f5174c68312}</UniqueIdentifier>
    </Filter>
  </ItemGroup>
  <ItemGroup>
    <ClCompile Include="main.cpp">
      <Filter>src</Filter>
    </ClCompile>
    <ClCompile Include="..\common\ConfigManager.cpp">
      <Filter>common</Filter>
    </ClCompile>
    <ClCompile Include="..\common\ConfigSetup.cpp">
      <Filter>common</Filter>
    </ClCompile>
    <ClCompile Include="..\common\ConfigSetupItem.cpp">
      <Filter>common</Filter>
    </ClCompile>
    <ClCompile Include="Service.cpp">
      <Filter>src</Filter>
    </ClCompile>
    <ClCompile Include="..\common\Platform.cpp">
      <Filter>common</Filter>
    </ClCompile>
    <ClCompile Include="..\common\Utilities.cpp">
      <Filter>common</Filter>
    </ClCompile>
  </ItemGroup>
  <ItemGroup>
    <ClInclude Include="ConfigurationLayout.h">
      <Filter>src</Filter>
    </ClInclude>
    <ClInclude Include="..\common\ConfigManager.h">
      <Filter>common</Filter>
    </ClInclude>
    <ClInclude Include="..\common\ConfigSetup.h">
      <Filter>common</Filter>
    </ClInclude>
    <ClInclude Include="..\common\ConfigSetupItem.h">
      <Filter>common</Filter>
    </ClInclude>
    <ClInclude Include="..\common\Version.h">
      <Filter>common</Filter>
    </ClInclude>
    <ClInclude Include="..\common\Platform.h">
      <Filter>common</Filter>
    </ClInclude>
    <ClInclude Include="..\3rd_party\inireader\iniReader.h">
      <Filter>3rd_party\inireader</Filter>
    </ClInclude>
    <ClInclude Include="..\common\Logger.h">
      <Filter>common</Filter>
    </ClInclude>
    <ClInclude Include="Service.h">
      <Filter>src</Filter>
    </ClInclude>
    <ClInclude Include="..\common\LoggerSettings.h">
      <Filter>common</Filter>
    </ClInclude>
    <ClInclude Include="..\cron_parser\CronParser.h">
      <Filter>cron parser</Filter>
    </ClInclude>
    <ClInclude Include="..\common\Utilities.h">
      <Filter>common</Filter>
    </ClInclude>
    <ClInclude Include="..\cron_parser\CronParserConstants.h">
      <Filter>cron parser</Filter>
    </ClInclude>
  </ItemGroup>
  <ItemGroup>
    <None Include="..\..\README.md">
      <Filter>documentation</Filter>
    </None>
  </ItemGroup>
</Project>